
Microsoft Visual Studio Solution File, Format Version 12.00
# Visual Studio 15
VisualStudioVersion = 15.0.27004.2005
MinimumVisualStudioVersion = 10.0.40219.1
Project("{FAE04EC0-301F-11D3-BF4B-00C04F79EFBC}") = "TrainingBook", "TrainingBook\TrainingBook.csproj", "{7006F1C4-9CDC-48BC-93F6-850FAFF7640C}"
EndProject
Global
	GlobalSection(SolutionConfigurationPlatforms) = preSolution
		Debug|Any CPU = Debug|Any CPU
		Release|Any CPU = Release|Any CPU
	EndGlobalSection
	GlobalSection(ProjectConfigurationPlatforms) = postSolution
		{7006F1C4-9CDC-48BC-93F6-850FAFF7640C}.Debug|Any CPU.ActiveCfg = Debug|Any CPU
		{7006F1C4-9CDC-48BC-93F6-850FAFF7640C}.Debug|Any CPU.Build.0 = Debug|Any CPU
		{7006F1C4-9CDC-48BC-93F6-850FAFF7640C}.Release|Any CPU.ActiveCfg = Release|Any CPU
		{7006F1C4-9CDC-48BC-93F6-850FAFF7640C}.Release|Any CPU.Build.0 = Release|Any CPU
	EndGlobalSection
	GlobalSection(SolutionProperties) = preSolution
		HideSolutionNode = FALSE
	EndGlobalSection
	GlobalSection(ExtensibilityGlobals) = postSolution
		SolutionGuid = {E2639CE2-6FA8-4304-ACB6-EA73D7CC4AA2}
	EndGlobalSection
EndGlobal
